# This file is automatically @generated by Cargo.
# It is not intended for manual editing.
version = 4

[[package]]
name = "calculadora"
version = "0.1.0"

[[package]]
name = "example_00"
version = "0.1.0"

[[package]]
name = "example_01"
version = "0.1.0"

[[package]]
name = "example_03"
version = "0.1.0"

[[package]]
name = "example_04"
version = "0.1.0"

[[package]]
name = "example_05"
version = "0.1.0"

[[package]]
name = "example_06"
version = "0.1.0"

[[package]]
name = "example_07"
version = "0.1.0"

[[package]]
name = "example_08"
version = "0.1.0"

[[package]]
name = "fizzbuzz"
version = "0.1.0"

[[package]]
name = "split_manual"
version = "0.1.0"

[[package]]
name = "tarjeta"
version = "0.1.0"
